<?xml version="1.0" encoding="utf-8"?>
<Project ToolsVersion="4.0" xmlns="http://schemas.microsoft.com/developer/msbuild/2003">
  <ItemGroup>
    <ClCompile Include="$(MSBuildThisFileDirectory)Core.ixx">
      <Filter>Core</Filter>
    </ClCompile>
    <ClCompile Include="$(MSBuildThisFileDirectory)Platform.ixx">
      <Filter>Core</Filter>
    </ClCompile>
    <ClCompile Include="$(MSBuildThisFileDirectory)XR.ixx">
      <Filter>XR</Filter>
    </ClCompile>
    <ClCompile Include="$(MSBuildThisFileDirectory)XR.Platform.ixx">
      <Filter>XR</Filter>
    </ClCompile>
  </ItemGroup>
  <ItemGroup>
    <Filter Include="Core">
      <UniqueIdentifier>{62981a0a-7e28-4429-aef9-bc190e06f3a0}</UniqueIdentifier>
    </Filter>
    <Filter Include="XR">
      <UniqueIdentifier>{b86ff043-73e6-42af-a801-ff3a46ec9a9b}</UniqueIdentifier>
    </Filter>
  </ItemGroup>
</Project>